
Microsoft Visual Studio Solution File, Format Version 12.00
# Visual Studio Version 16
VisualStudioVersion = 16.0.30907.101
MinimumVisualStudioVersion = 10.0.40219.1
Project("{FAE04EC0-301F-11D3-BF4B-00C04F79EFBC}") = "PolygonDetect", "PolygonDetect\PolygonDetect.csproj", "{09A04894-912F-43D8-98BD-9EBDBBA2E3B3}"
EndProject
Project("{FAE04EC0-301F-11D3-BF4B-00C04F79EFBC}") = "PolygonDetectClassLibrary", "PolygonDetectClassLibrary\PolygonDetectClassLibrary.csproj", "{20C354B9-4F0B-4FD3-80F6-9433EDCFEF77}"
EndProject
Global
	GlobalSection(SolutionConfigurationPlatforms) = preSolution
		Debug|Any CPU = Debug|Any CPU
		Release|Any CPU = Release|Any CPU
	EndGlobalSection
	GlobalSection(ProjectConfigurationPlatforms) = postSolution
		{09A04894-912F-43D8-98BD-9EBDBBA2E3B3}.Debug|Any CPU.ActiveCfg = Debug|Any CPU
		{09A04894-912F-43D8-98BD-9EBDBBA2E3B3}.Debug|Any CPU.Build.0 = Debug|Any CPU
		{09A04894-912F-43D8-98BD-9EBDBBA2E3B3}.Release|Any CPU.ActiveCfg = Release|Any CPU
		{09A04894-912F-43D8-98BD-9EBDBBA2E3B3}.Release|Any CPU.Build.0 = Release|Any CPU
		{20C354B9-4F0B-4FD3-80F6-9433EDCFEF77}.Debug|Any CPU.ActiveCfg = Debug|Any CPU
		{20C354B9-4F0B-4FD3-80F6-9433EDCFEF77}.Debug|Any CPU.Build.0 = Debug|Any CPU
		{20C354B9-4F0B-4FD3-80F6-9433EDCFEF77}.Release|Any CPU.ActiveCfg = Release|Any CPU
		{20C354B9-4F0B-4FD3-80F6-9433EDCFEF77}.Release|Any CPU.Build.0 = Release|Any CPU
	EndGlobalSection
	GlobalSection(SolutionProperties) = preSolution
		HideSolutionNode = FALSE
	EndGlobalSection
	GlobalSection(ExtensibilityGlobals) = postSolution
		SolutionGuid = {E067D09E-0B5F-4D81-A145-CE1EA3224B3B}
	EndGlobalSection
EndGlobal
